
Microsoft Visual Studio Solution File, Format Version 12.00
# Visual Studio Version 16
VisualStudioVersion = 16.0.30907.101
MinimumVisualStudioVersion = 10.0.40219.1
Project("{FAE04EC0-301F-11D3-BF4B-00C04F79EFBC}") = "PortScanner", "PortScanner\PortScanner.csproj", "{D1907981-E340-411D-9EDA-06921430E771}"
EndProject
Global
	GlobalSection(SolutionConfigurationPlatforms) = preSolution
		Debug|Any CPU = Debug|Any CPU
		Release|Any CPU = Release|Any CPU
	EndGlobalSection
	GlobalSection(ProjectConfigurationPlatforms) = postSolution
		{D1907981-E340-411D-9EDA-06921430E771}.Debug|Any CPU.ActiveCfg = Debug|Any CPU
		{D1907981-E340-411D-9EDA-06921430E771}.Debug|Any CPU.Build.0 = Debug|Any CPU
		{D1907981-E340-411D-9EDA-06921430E771}.Release|Any CPU.ActiveCfg = Release|Any CPU
		{D1907981-E340-411D-9EDA-06921430E771}.Release|Any CPU.Build.0 = Release|Any CPU
	EndGlobalSection
	GlobalSection(SolutionProperties) = preSolution
		HideSolutionNode = FALSE
	EndGlobalSection
	GlobalSection(ExtensibilityGlobals) = postSolution
		SolutionGuid = {D94BA166-EC3C-47C0-948A-6E095B581BA9}
	EndGlobalSection
EndGlobal
